// !$*UTF8*$!
{
	archiveVersion = 1;
	classes = {
	};
	objectVersion = 55;
	objects = {

/* Begin PBXBuildFile section */
		8F2D97D428D0680600AB51C0 /* VideoViewController.swift in Sources */ = {isa = PBXBuildFile; fileRef = 8F2D97D128D0680600AB51C0 /* VideoViewController.swift */; };
		8F2D97D528D0680600AB51C0 /* WelcomeViewController.swift in Sources */ = {isa = PBXBuildFile; fileRef = 8F2D97D228D0680600AB51C0 /* WelcomeViewController.swift */; };
		8F2D97D628D0680600AB51C0 /* ConferenceViewController.swift in Sources */ = {isa = PBXBuildFile; fileRef = 8F2D97D328D0680600AB51C0 /* ConferenceViewController.swift */; };
		8F2D97DF28D0689B00AB51C0 /* UIApplication.swift in Sources */ = {isa = PBXBuildFile; fileRef = 8F2D97D928D0689B00AB51C0 /* UIApplication.swift */; };
		8F2D97E028D0689B00AB51C0 /* AlertHelper.swift in Sources */ = {isa = PBXBuildFile; fileRef = 8F2D97DB28D0689B00AB51C0 /* AlertHelper.swift */; };
		8F2D97E128D0689B00AB51C0 /* Defaults.swift in Sources */ = {isa = PBXBuildFile; fileRef = 8F2D97DC28D0689B00AB51C0 /* Defaults.swift */; };
		8F2D97E228D0689B00AB51C0 /* SwiftyUserDefaults.swift in Sources */ = {isa = PBXBuildFile; fileRef = 8F2D97DD28D0689B00AB51C0 /* SwiftyUserDefaults.swift */; };
		8F2D97E328D0689B00AB51C0 /* Run.swift in Sources */ = {isa = PBXBuildFile; fileRef = 8F2D97DE28D0689B00AB51C0 /* Run.swift */; };
		8F2D97EA28D06BF700AB51C0 /* ReplayKit.framework in Frameworks */ = {isa = PBXBuildFile; fileRef = 8F2D97E928D06BF700AB51C0 /* ReplayKit.framework */; };
		8F2D97ED28D06BF700AB51C0 /* SampleHandler.swift in Sources */ = {isa = PBXBuildFile; fileRef = 8F2D97EC28D06BF700AB51C0 /* SampleHandler.swift */; };
		8F2D97F128D06BF700AB51C0 /* ShareScreen.appex in Embed App Extensions */ = {isa = PBXBuildFile; fileRef = 8F2D97E828D06BF700AB51C0 /* ShareScreen.appex */; settings = {ATTRIBUTES = (RemoveHeadersOnCopy, ); }; };
		8F2D97F628D06C5600AB51C0 /* EMediaSDK.xcframework in Frameworks */ = {isa = PBXBuildFile; fileRef = 8FA4B99228D0627100486C2A /* EMediaSDK.xcframework */; };
		8F335CB028D06F6B0026C4A9 /* WebRTC.xcframework in Frameworks */ = {isa = PBXBuildFile; fileRef = 8FA4B99628D0640800486C2A /* WebRTC.xcframework */; };
		8FA4B97E28D0622A00486C2A /* AppDelegate.swift in Sources */ = {isa = PBXBuildFile; fileRef = 8FA4B97D28D0622A00486C2A /* AppDelegate.swift */; };
		8FA4B98028D0622A00486C2A /* SceneDelegate.swift in Sources */ = {isa = PBXBuildFile; fileRef = 8FA4B97F28D0622A00486C2A /* SceneDelegate.swift */; };
		8FA4B98528D0622A00486C2A /* Main.storyboard in Resources */ = {isa = PBXBuildFile; fileRef = 8FA4B98328D0622A00486C2A /* Main.storyboard */; };
		8FA4B98728D0622D00486C2A /* Assets.xcassets in Resources */ = {isa = PBXBuildFile; fileRef = 8FA4B98628D0622D00486C2A /* Assets.xcassets */; };
		8FA4B98A28D0622D00486C2A /* LaunchScreen.storyboard in Resources */ = {isa = PBXBuildFile; fileRef = 8FA4B98828D0622D00486C2A /* LaunchScreen.storyboard */; };
		8FA4B99328D0627100486C2A /* EMediaSDK.xcframework in Frameworks */ = {isa = PBXBuildFile; fileRef = 8FA4B99228D0627100486C2A /* EMediaSDK.xcframework */; };
		8FA4B99428D0627100486C2A /* EMediaSDK.xcframework in Embed Frameworks */ = {isa = PBXBuildFile; fileRef = 8FA4B99228D0627100486C2A /* EMediaSDK.xcframework */; settings = {ATTRIBUTES = (CodeSignOnCopy, RemoveHeadersOnCopy, ); }; };
		8FA4B99728D0640800486C2A /* WebRTC.xcframework in Frameworks */ = {isa = PBXBuildFile; fileRef = 8FA4B99628D0640800486C2A /* WebRTC.xcframework */; };
		8FA4B99828D0640800486C2A /* WebRTC.xcframework in Embed Frameworks */ = {isa = PBXBuildFile; fileRef = 8FA4B99628D0640800486C2A /* WebRTC.xcframework */; settings = {ATTRIBUTES = (CodeSignOnCopy, RemoveHeadersOnCopy, ); }; };
		C1E829D9DFB0103C11F703F2 /* Pods_ShareScreen.framework in Frameworks */ = {isa = PBXBuildFile; fileRef = FD867947BDD92F0FC5761BDA /* Pods_ShareScreen.framework */; };
		F942ECE9A94EBCFE4402EE37 /* Pods_EMediaExample.framework in Frameworks */ = {isa = PBXBuildFile; fileRef = 96DDD005398215229ECFA9C5 /* Pods_EMediaExample.framework */; };
/* End PBXBuildFile section */

/* Begin PBXContainerItemProxy section */
		8F2D97EF28D06BF700AB51C0 /* PBXContainerItemProxy */ = {
			isa = PBXContainerItemProxy;
			containerPortal = 8FA4B97228D0622A00486C2A /* Project object */;
			proxyType = 1;
			remoteGlobalIDString = 8F2D97E728D06BF700AB51C0;
			remoteInfo = ShareScreen;
		};
/* End PBXContainerItemProxy section */

/* Begin PBXCopyFilesBuildPhase section */
		8F2D97F528D06BF700AB51C0 /* Embed App Extensions */ = {
			isa = PBXCopyFilesBuildPhase;
			buildActionMask = 2147483647;
			dstPath = "";
			dstSubfolderSpec = 13;
			files = (
				8F2D97F128D06BF700AB51C0 /* ShareScreen.appex in Embed App Extensions */,
			);
			name = "Embed App Extensions";
			runOnlyForDeploymentPostprocessing = 0;
		};
		8FA4B99528D0627100486C2A /* Embed Frameworks */ = {
			isa = PBXCopyFilesBuildPhase;
			buildActionMask = 2147483647;
			dstPath = "";
			dstSubfolderSpec = 10;
			files = (
				8FA4B99828D0640800486C2A /* WebRTC.xcframework in Embed Frameworks */,
				8FA4B99428D0627100486C2A /* EMediaSDK.xcframework in Embed Frameworks */,
			);
			name = "Embed Frameworks";
			runOnlyForDeploymentPostprocessing = 0;
		};
/* End PBXCopyFilesBuildPhase section */

/* Begin PBXFileReference section */
		4F0FCEBDD79B19537424C16D /* Pods-ShareScreen.debug.xcconfig */ = {isa = PBXFileReference; includeInIndex = 1; lastKnownFileType = text.xcconfig; name = "Pods-ShareScreen.debug.xcconfig"; path = "Target Support Files/Pods-ShareScreen/Pods-ShareScreen.debug.xcconfig"; sourceTree = "<group>"; };
		8C15EC4EBEA99E8274DA960E /* Pods-EMediaExample.debug.xcconfig */ = {isa = PBXFileReference; includeInIndex = 1; lastKnownFileType = text.xcconfig; name = "Pods-EMediaExample.debug.xcconfig"; path = "Target Support Files/Pods-EMediaExample/Pods-EMediaExample.debug.xcconfig"; sourceTree = "<group>"; };
		8F2D97D128D0680600AB51C0 /* VideoViewController.swift */ = {isa = PBXFileReference; fileEncoding = 4; lastKnownFileType = sourcecode.swift; path = VideoViewController.swift; sourceTree = "<group>"; };
		8F2D97D228D0680600AB51C0 /* WelcomeViewController.swift */ = {isa = PBXFileReference; fileEncoding = 4; lastKnownFileType = sourcecode.swift; path = WelcomeViewController.swift; sourceTree = "<group>"; };
		8F2D97D328D0680600AB51C0 /* ConferenceViewController.swift */ = {isa = PBXFileReference; fileEncoding = 4; lastKnownFileType = sourcecode.swift; path = ConferenceViewController.swift; sourceTree = "<group>"; };
		8F2D97D928D0689B00AB51C0 /* UIApplication.swift */ = {isa = PBXFileReference; fileEncoding = 4; lastKnownFileType = sourcecode.swift; path = UIApplication.swift; sourceTree = "<group>"; };
		8F2D97DB28D0689B00AB51C0 /* AlertHelper.swift */ = {isa = PBXFileReference; fileEncoding = 4; lastKnownFileType = sourcecode.swift; path = AlertHelper.swift; sourceTree = "<group>"; };
		8F2D97DC28D0689B00AB51C0 /* Defaults.swift */ = {isa = PBXFileReference; fileEncoding = 4; lastKnownFileType = sourcecode.swift; path = Defaults.swift; sourceTree = "<group>"; };
		8F2D97DD28D0689B00AB51C0 /* SwiftyUserDefaults.swift */ = {isa = PBXFileReference; fileEncoding = 4; lastKnownFileType = sourcecode.swift; path = SwiftyUserDefaults.swift; sourceTree = "<group>"; };
		8F2D97DE28D0689B00AB51C0 /* Run.swift */ = {isa = PBXFileReference; fileEncoding = 4; lastKnownFileType = sourcecode.swift; path = Run.swift; sourceTree = "<group>"; };
		8F2D97E828D06BF700AB51C0 /* ShareScreen.appex */ = {isa = PBXFileReference; explicitFileType = "wrapper.app-extension"; includeInIndex = 0; path = ShareScreen.appex; sourceTree = BUILT_PRODUCTS_DIR; };
		8F2D97E928D06BF700AB51C0 /* ReplayKit.framework */ = {isa = PBXFileReference; lastKnownFileType = wrapper.framework; name = ReplayKit.framework; path = System/Library/Frameworks/ReplayKit.framework; sourceTree = SDKROOT; };
		8F2D97EC28D06BF700AB51C0 /* SampleHandler.swift */ = {isa = PBXFileReference; lastKnownFileType = sourcecode.swift; path = SampleHandler.swift; sourceTree = "<group>"; };
		8F2D97EE28D06BF700AB51C0 /* Info.plist */ = {isa = PBXFileReference; lastKnownFileType = text.plist.xml; path = Info.plist; sourceTree = "<group>"; };
		8F2D97F928D06C9100AB51C0 /* EMediaExample.entitlements */ = {isa = PBXFileReference; lastKnownFileType = text.plist.entitlements; path = EMediaExample.entitlements; sourceTree = "<group>"; };
		8F2D97FA28D06C9E00AB51C0 /* ShareScreen.entitlements */ = {isa = PBXFileReference; lastKnownFileType = text.plist.entitlements; path = ShareScreen.entitlements; sourceTree = "<group>"; };
		8FA4B97A28D0622A00486C2A /* EMediaExample.app */ = {isa = PBXFileReference; explicitFileType = wrapper.application; includeInIndex = 0; path = EMediaExample.app; sourceTree = BUILT_PRODUCTS_DIR; };
		8FA4B97D28D0622A00486C2A /* AppDelegate.swift */ = {isa = PBXFileReference; lastKnownFileType = sourcecode.swift; path = AppDelegate.swift; sourceTree = "<group>"; };
		8FA4B97F28D0622A00486C2A /* SceneDelegate.swift */ = {isa = PBXFileReference; lastKnownFileType = sourcecode.swift; path = SceneDelegate.swift; sourceTree = "<group>"; };
		8FA4B98428D0622A00486C2A /* Base */ = {isa = PBXFileReference; lastKnownFileType = file.storyboard; name = Base; path = Base.lproj/Main.storyboard; sourceTree = "<group>"; };
		8FA4B98628D0622D00486C2A /* Assets.xcassets */ = {isa = PBXFileReference; lastKnownFileType = folder.assetcatalog; path = Assets.xcassets; sourceTree = "<group>"; };
		8FA4B98928D0622D00486C2A /* Base */ = {isa = PBXFileReference; lastKnownFileType = file.storyboard; name = Base; path = Base.lproj/LaunchScreen.storyboard; sourceTree = "<group>"; };
		8FA4B98B28D0622D00486C2A /* Info.plist */ = {isa = PBXFileReference; lastKnownFileType = text.plist.xml; path = Info.plist; sourceTree = "<group>"; };
		8FA4B99228D0627100486C2A /* EMediaSDK.xcframework */ = {isa = PBXFileReference; lastKnownFileType = wrapper.xcframework; path = EMediaSDK.xcframework; sourceTree = "<group>"; };
		8FA4B99628D0640800486C2A /* WebRTC.xcframework */ = {isa = PBXFileReference; lastKnownFileType = wrapper.xcframework; path = WebRTC.xcframework; sourceTree = "<group>"; };
		96DDD005398215229ECFA9C5 /* Pods_EMediaExample.framework */ = {isa = PBXFileReference; explicitFileType = wrapper.framework; includeInIndex = 0; path = Pods_EMediaExample.framework; sourceTree = BUILT_PRODUCTS_DIR; };
		AC6D641D51839A8EDB5F8BF3 /* Pods-EMediaExample.release.xcconfig */ = {isa = PBXFileReference; includeInIndex = 1; lastKnownFileType = text.xcconfig; name = "Pods-EMediaExample.release.xcconfig"; path = "Target Support Files/Pods-EMediaExample/Pods-EMediaExample.release.xcconfig"; sourceTree = "<group>"; };
		DA698DA28279AB7D0FCC90D2 /* Pods-ShareScreen.release.xcconfig */ = {isa = PBXFileReference; includeInIndex = 1; lastKnownFileType = text.xcconfig; name = "Pods-ShareScreen.release.xcconfig"; path = "Target Support Files/Pods-ShareScreen/Pods-ShareScreen.release.xcconfig"; sourceTree = "<group>"; };
		FD867947BDD92F0FC5761BDA /* Pods_ShareScreen.framework */ = {isa = PBXFileReference; explicitFileType = wrapper.framework; includeInIndex = 0; path = Pods_ShareScreen.framework; sourceTree = BUILT_PRODUCTS_DIR; };
/* End PBXFileReference section */

/* Begin PBXFrameworksBuildPhase section */
		8F2D97E528D06BF700AB51C0 /* Frameworks */ = {
			isa = PBXFrameworksBuildPhase;
			buildActionMask = 2147483647;
			files = (
				8F335CB028D06F6B0026C4A9 /* WebRTC.xcframework in Frameworks */,
				8F2D97EA28D06BF700AB51C0 /* ReplayKit.framework in Frameworks */,
				8F2D97F628D06C5600AB51C0 /* EMediaSDK.xcframework in Frameworks */,
				C1E829D9DFB0103C11F703F2 /* Pods_ShareScreen.framework in Frameworks */,
			);
			runOnlyForDeploymentPostprocessing = 0;
		};
		8FA4B97728D0622A00486C2A /* Frameworks */ = {
			isa = PBXFrameworksBuildPhase;
			buildActionMask = 2147483647;
			files = (
				8FA4B99328D0627100486C2A /* EMediaSDK.xcframework in Frameworks */,
				F942ECE9A94EBCFE4402EE37 /* Pods_EMediaExample.framework in Frameworks */,
				8FA4B99728D0640800486C2A /* WebRTC.xcframework in Frameworks */,
			);
			runOnlyForDeploymentPostprocessing = 0;
		};
/* End PBXFrameworksBuildPhase section */

/* Begin PBXGroup section */
		8F2D97D728D0689B00AB51C0 /* Util */ = {
			isa = PBXGroup;
			children = (
				8F2D97D828D0689B00AB51C0 /* Extension */,
				8F2D97DA28D0689B00AB51C0 /* Helper */,
			);
			path = Util;
			sourceTree = SOURCE_ROOT;
		};
		8F2D97D828D0689B00AB51C0 /* Extension */ = {
			isa = PBXGroup;
			children = (
				8F2D97D928D0689B00AB51C0 /* UIApplication.swift */,
			);
			path = Extension;
			sourceTree = "<group>";
		};
		8F2D97DA28D0689B00AB51C0 /* Helper */ = {
			isa = PBXGroup;
			children = (
				8F2D97DB28D0689B00AB51C0 /* AlertHelper.swift */,
				8F2D97DC28D0689B00AB51C0 /* Defaults.swift */,
				8F2D97DD28D0689B00AB51C0 /* SwiftyUserDefaults.swift */,
				8F2D97DE28D0689B00AB51C0 /* Run.swift */,
			);
			path = Helper;
			sourceTree = "<group>";
		};
		8F2D97EB28D06BF700AB51C0 /* ShareScreen */ = {
			isa = PBXGroup;
			children = (
				8F2D97FA28D06C9E00AB51C0 /* ShareScreen.entitlements */,
				8F2D97EC28D06BF700AB51C0 /* SampleHandler.swift */,
				8F2D97EE28D06BF700AB51C0 /* Info.plist */,
			);
			path = ShareScreen;
			sourceTree = "<group>";
		};
		8FA4B97128D0622A00486C2A = {
			isa = PBXGroup;
			children = (
				8FA4B97C28D0622A00486C2A /* EMediaExample */,
				8F2D97EB28D06BF700AB51C0 /* ShareScreen */,
				8FA4B97B28D0622A00486C2A /* Products */,
				8FA4B99128D0627100486C2A /* Frameworks */,
				E873E54C2C47ADC6FCEB0754 /* Pods */,
			);
			sourceTree = "<group>";
		};
		8FA4B97B28D0622A00486C2A /* Products */ = {
			isa = PBXGroup;
			children = (
				8FA4B97A28D0622A00486C2A /* EMediaExample.app */,
				8F2D97E828D06BF700AB51C0 /* ShareScreen.appex */,
			);
			name = Products;
			sourceTree = "<group>";
		};
		8FA4B97C28D0622A00486C2A /* EMediaExample */ = {
			isa = PBXGroup;
			children = (
				8F2D97F928D06C9100AB51C0 /* EMediaExample.entitlements */,
				8F2D97D728D0689B00AB51C0 /* Util */,
				8F2D97D328D0680600AB51C0 /* ConferenceViewController.swift */,
				8F2D97D128D0680600AB51C0 /* VideoViewController.swift */,
				8F2D97D228D0680600AB51C0 /* WelcomeViewController.swift */,
				8FA4B97D28D0622A00486C2A /* AppDelegate.swift */,
				8FA4B97F28D0622A00486C2A /* SceneDelegate.swift */,
				8FA4B98328D0622A00486C2A /* Main.storyboard */,
				8FA4B98628D0622D00486C2A /* Assets.xcassets */,
				8FA4B98828D0622D00486C2A /* LaunchScreen.storyboard */,
				8FA4B98B28D0622D00486C2A /* Info.plist */,
			);
			path = EMediaExample;
			sourceTree = "<group>";
		};
		8FA4B99128D0627100486C2A /* Frameworks */ = {
			isa = PBXGroup;
			children = (
				8FA4B99628D0640800486C2A /* WebRTC.xcframework */,
				8FA4B99228D0627100486C2A /* EMediaSDK.xcframework */,
				96DDD005398215229ECFA9C5 /* Pods_EMediaExample.framework */,
				8F2D97E928D06BF700AB51C0 /* ReplayKit.framework */,
				FD867947BDD92F0FC5761BDA /* Pods_ShareScreen.framework */,
			);
			name = Frameworks;
			sourceTree = "<group>";
		};
		E873E54C2C47ADC6FCEB0754 /* Pods */ = {
			isa = PBXGroup;
			children = (
				8C15EC4EBEA99E8274DA960E /* Pods-EMediaExample.debug.xcconfig */,
				AC6D641D51839A8EDB5F8BF3 /* Pods-EMediaExample.release.xcconfig */,
				4F0FCEBDD79B19537424C16D /* Pods-ShareScreen.debug.xcconfig */,
				DA698DA28279AB7D0FCC90D2 /* Pods-ShareScreen.release.xcconfig */,
			);
			path = Pods;
			sourceTree = "<group>";
		};
/* End PBXGroup section */

/* Begin PBXNativeTarget section */
		8F2D97E728D06BF700AB51C0 /* ShareScreen */ = {
			isa = PBXNativeTarget;
			buildConfigurationList = 8F2D97F228D06BF700AB51C0 /* Build configuration list for PBXNativeTarget "ShareScreen" */;
			buildPhases = (
				E9AF034B1B9A584A20DAA372 /* [CP] Check Pods Manifest.lock */,
				8F2D97E428D06BF700AB51C0 /* Sources */,
				8F2D97E528D06BF700AB51C0 /* Frameworks */,
				8F2D97E628D06BF700AB51C0 /* Resources */,
			);
			buildRules = (
			);
			dependencies = (
			);
			name = ShareScreen;
			productName = ShareScreen;
			productReference = 8F2D97E828D06BF700AB51C0 /* ShareScreen.appex */;
			productType = "com.apple.product-type.app-extension";
		};
		8FA4B97928D0622A00486C2A /* EMediaExample */ = {
			isa = PBXNativeTarget;
			buildConfigurationList = 8FA4B98E28D0622D00486C2A /* Build configuration list for PBXNativeTarget "EMediaExample" */;
			buildPhases = (
				F76D13A04A0CAB061AF03326 /* [CP] Check Pods Manifest.lock */,
				8FA4B97628D0622A00486C2A /* Sources */,
				8FA4B97728D0622A00486C2A /* Frameworks */,
				8FA4B97828D0622A00486C2A /* Resources */,
				8FA4B99528D0627100486C2A /* Embed Frameworks */,
				6CEB3091725F22D1C0C79CFB /* [CP] Embed Pods Frameworks */,
				8F2D97F528D06BF700AB51C0 /* Embed App Extensions */,
			);
			buildRules = (
			);
			dependencies = (
				8F2D97F028D06BF700AB51C0 /* PBXTargetDependency */,
			);
			name = EMediaExample;
			productName = EMediaExample;
			productReference = 8FA4B97A28D0622A00486C2A /* EMediaExample.app */;
			productType = "com.apple.product-type.application";
		};
/* End PBXNativeTarget section */

/* Begin PBXProject section */
		8FA4B97228D0622A00486C2A /* Project object */ = {
			isa = PBXProject;
			attributes = {
				BuildIndependentTargetsInParallel = 1;
				LastSwiftUpdateCheck = 1340;
				LastUpgradeCheck = 1340;
				TargetAttributes = {
					8F2D97E728D06BF700AB51C0 = {
						CreatedOnToolsVersion = 13.4.1;
					};
					8FA4B97928D0622A00486C2A = {
						CreatedOnToolsVersion = 13.4.1;
					};
				};
			};
			buildConfigurationList = 8FA4B97528D0622A00486C2A /* Build configuration list for PBXProject "EMediaExample" */;
			compatibilityVersion = "Xcode 13.0";
			developmentRegion = en;
			hasScannedForEncodings = 0;
			knownRegions = (
				en,
				Base,
			);
			mainGroup = 8FA4B97128D0622A00486C2A;
			productRefGroup = 8FA4B97B28D0622A00486C2A /* Products */;
			projectDirPath = "";
			projectRoot = "";
			targets = (
				8FA4B97928D0622A00486C2A /* EMediaExample */,
				8F2D97E728D06BF700AB51C0 /* ShareScreen */,
			);
		};
/* End PBXProject section */

/* Begin PBXResourcesBuildPhase section */
		8F2D97E628D06BF700AB51C0 /* Resources */ = {
			isa = PBXResourcesBuildPhase;
			buildActionMask = 2147483647;
			files = (
			);
			runOnlyForDeploymentPostprocessing = 0;
		};
		8FA4B97828D0622A00486C2A /* Resources */ = {
			isa = PBXResourcesBuildPhase;
			buildActionMask = 2147483647;
			files = (
				8FA4B98A28D0622D00486C2A /* LaunchScreen.storyboard in Resources */,
				8FA4B98728D0622D00486C2A /* Assets.xcassets in Resources */,
				8FA4B98528D0622A00486C2A /* Main.storyboard in Resources */,
			);
			runOnlyForDeploymentPostprocessing = 0;
		};
/* End PBXResourcesBuildPhase section */

/* Begin PBXShellScriptBuildPhase section */
		6CEB3091725F22D1C0C79CFB /* [CP] Embed Pods Frameworks */ = {
			isa = PBXShellScriptBuildPhase;
			buildActionMask = 2147483647;
			files = (
			);
			inputFileListPaths = (
				"${PODS_ROOT}/Target Support Files/Pods-EMediaExample/Pods-EMediaExample-frameworks-${CONFIGURATION}-input-files.xcfilelist",
			);
			name = "[CP] Embed Pods Frameworks";
			outputFileListPaths = (
				"${PODS_ROOT}/Target Support Files/Pods-EMediaExample/Pods-EMediaExample-frameworks-${CONFIGURATION}-output-files.xcfilelist",
			);
			runOnlyForDeploymentPostprocessing = 0;
			shellPath = /bin/sh;
			shellScript = "\"${PODS_ROOT}/Target Support Files/Pods-EMediaExample/Pods-EMediaExample-frameworks.sh\"\n";
			showEnvVarsInLog = 0;
		};
		E9AF034B1B9A584A20DAA372 /* [CP] Check Pods Manifest.lock */ = {
			isa = PBXShellScriptBuildPhase;
			buildActionMask = 2147483647;
			files = (
			);
			inputFileListPaths = (
			);
			inputPaths = (
				"${PODS_PODFILE_DIR_PATH}/Podfile.lock",
				"${PODS_ROOT}/Manifest.lock",
			);
			name = "[CP] Check Pods Manifest.lock";
			outputFileListPaths = (
			);
			outputPaths = (
				"$(DERIVED_FILE_DIR)/Pods-ShareScreen-checkManifestLockResult.txt",
			);
			runOnlyForDeploymentPostprocessing = 0;
			shellPath = /bin/sh;
			shellScript = "diff \"${PODS_PODFILE_DIR_PATH}/Podfile.lock\" \"${PODS_ROOT}/Manifest.lock\" > /dev/null\nif [ $? != 0 ] ; then\n    # print error to STDERR\n    echo \"error: The sandbox is not in sync with the Podfile.lock. Run 'pod install' or update your CocoaPods installation.\" >&2\n    exit 1\nfi\n# This output is used by Xcode 'outputs' to avoid re-running this script phase.\necho \"SUCCESS\" > \"${SCRIPT_OUTPUT_FILE_0}\"\n";
			showEnvVarsInLog = 0;
		};
		F76D13A04A0CAB061AF03326 /* [CP] Check Pods Manifest.lock */ = {
			isa = PBXShellScriptBuildPhase;
			buildActionMask = 2147483647;
			files = (
			);
			inputFileListPaths = (
			);
			inputPaths = (
				"${PODS_PODFILE_DIR_PATH}/Podfile.lock",
				"${PODS_ROOT}/Manifest.lock",
			);
			name = "[CP] Check Pods Manifest.lock";
			outputFileListPaths = (
			);
			outputPaths = (
				"$(DERIVED_FILE_DIR)/Pods-EMediaExample-checkManifestLockResult.txt",
			);
			runOnlyForDeploymentPostprocessing = 0;
			shellPath = /bin/sh;
			shellScript = "diff \"${PODS_PODFILE_DIR_PATH}/Podfile.lock\" \"${PODS_ROOT}/Manifest.lock\" > /dev/null\nif [ $? != 0 ] ; then\n    # print error to STDERR\n    echo \"error: The sandbox is not in sync with the Podfile.lock. Run 'pod install' or update your CocoaPods installation.\" >&2\n    exit 1\nfi\n# This output is used by Xcode 'outputs' to avoid re-running this script phase.\necho \"SUCCESS\" > \"${SCRIPT_OUTPUT_FILE_0}\"\n";
			showEnvVarsInLog = 0;
		};
/* End PBXShellScriptBuildPhase section */

/* Begin PBXSourcesBuildPhase section */
		8F2D97E428D06BF700AB51C0 /* Sources */ = {
			isa = PBXSourcesBuildPhase;
			buildActionMask = 2147483647;
			files = (
				8F2D97ED28D06BF700AB51C0 /* SampleHandler.swift in Sources */,
			);
			runOnlyForDeploymentPostprocessing = 0;
		};
		8FA4B97628D0622A00486C2A /* Sources */ = {
			isa = PBXSourcesBuildPhase;
			buildActionMask = 2147483647;
			files = (
				8F2D97DF28D0689B00AB51C0 /* UIApplication.swift in Sources */,
				8F2D97E128D0689B00AB51C0 /* Defaults.swift in Sources */,
				8FA4B97E28D0622A00486C2A /* AppDelegate.swift in Sources */,
				8F2D97E328D0689B00AB51C0 /* Run.swift in Sources */,
				8F2D97D528D0680600AB51C0 /* WelcomeViewController.swift in Sources */,
				8FA4B98028D0622A00486C2A /* SceneDelegate.swift in Sources */,
				8F2D97E028D0689B00AB51C0 /* AlertHelper.swift in Sources */,
				8F2D97D428D0680600AB51C0 /* VideoViewController.swift in Sources */,
				8F2D97D628D0680600AB51C0 /* ConferenceViewController.swift in Sources */,
				8F2D97E228D0689B00AB51C0 /* SwiftyUserDefaults.swift in Sources */,
			);
			runOnlyForDeploymentPostprocessing = 0;
		};
/* End PBXSourcesBuildPhase section */

/* Begin PBXTargetDependency section */
		8F2D97F028D06BF700AB51C0 /* PBXTargetDependency */ = {
			isa = PBXTargetDependency;
			target = 8F2D97E728D06BF700AB51C0 /* ShareScreen */;
			targetProxy = 8F2D97EF28D06BF700AB51C0 /* PBXContainerItemProxy */;
		};
/* End PBXTargetDependency section */

/* Begin PBXVariantGroup section */
		8FA4B98328D0622A00486C2A /* Main.storyboard */ = {
			isa = PBXVariantGroup;
			children = (
				8FA4B98428D0622A00486C2A /* Base */,
			);
			name = Main.storyboard;
			sourceTree = "<group>";
		};
		8FA4B98828D0622D00486C2A /* LaunchScreen.storyboard */ = {
			isa = PBXVariantGroup;
			children = (
				8FA4B98928D0622D00486C2A /* Base */,
			);
			name = LaunchScreen.storyboard;
			sourceTree = "<group>";
		};
/* End PBXVariantGroup section */

/* Begin XCBuildConfiguration section */
		8F2D97F328D06BF700AB51C0 /* Debug */ = {
			isa = XCBuildConfiguration;
			baseConfigurationReference = 4F0FCEBDD79B19537424C16D /* Pods-ShareScreen.debug.xcconfig */;
			buildSettings = {
				CODE_SIGN_ENTITLEMENTS = ShareScreen/ShareScreen.entitlements;
				CODE_SIGN_STYLE = Automatic;
				CURRENT_PROJECT_VERSION = 28;
				DEVELOPMENT_TEAM = ZFZ64J27N5;
				ENABLE_BITCODE = NO;
				GENERATE_INFOPLIST_FILE = YES;
				INFOPLIST_FILE = ShareScreen/Info.plist;
				INFOPLIST_KEY_CFBundleDisplayName = ShareScreen;
				INFOPLIST_KEY_NSHumanReadableCopyright = "";
				IPHONEOS_DEPLOYMENT_TARGET = 11.0;
				LD_RUNPATH_SEARCH_PATHS = (
					"$(inherited)",
					"@executable_path/Frameworks",
					"@executable_path/../../Frameworks",
				);
				MARKETING_VERSION = 0.3;
				PRODUCT_BUNDLE_IDENTIFIER = co.lehuy.webrtc.sharescreen;
				PRODUCT_NAME = "$(TARGET_NAME)";
				SKIP_INSTALL = YES;
				SWIFT_EMIT_LOC_STRINGS = YES;
				SWIFT_VERSION = 5.0;
				TARGETED_DEVICE_FAMILY = "1,2";
			};
			name = Debug;
		};
		8F2D97F428D06BF700AB51C0 /* Release */ = {
			isa = XCBuildConfiguration;
			baseConfigurationReference = DA698DA28279AB7D0FCC90D2 /* Pods-ShareScreen.release.xcconfig */;
			buildSettings = {
				CODE_SIGN_ENTITLEMENTS = ShareScreen/ShareScreen.entitlements;
				CODE_SIGN_STYLE = Automatic;
				CURRENT_PROJECT_VERSION = 28;
				DEVELOPMENT_TEAM = ZFZ64J27N5;
				ENABLE_BITCODE = NO;
				GENERATE_INFOPLIST_FILE = YES;
				INFOPLIST_FILE = ShareScreen/Info.plist;
				INFOPLIST_KEY_CFBundleDisplayName = ShareScreen;
				INFOPLIST_KEY_NSHumanReadableCopyright = "";
				IPHONEOS_DEPLOYMENT_TARGET = 11.0;
				LD_RUNPATH_SEARCH_PATHS = (
					"$(inherited)",
					"@executable_path/Frameworks",
					"@executable_path/../../Frameworks",
				);
				MARKETING_VERSION = 0.3;
				PRODUCT_BUNDLE_IDENTIFIER = co.lehuy.webrtc.sharescreen;
				PRODUCT_NAME = "$(TARGET_NAME)";
				SKIP_INSTALL = YES;
				SWIFT_EMIT_LOC_STRINGS = YES;
				SWIFT_VERSION = 5.0;
				TARGETED_DEVICE_FAMILY = "1,2";
			};
			name = Release;
		};
		8FA4B98C28D0622D00486C2A /* Debug */ = {
			isa = XCBuildConfiguration;
			buildSettings = {
				ALWAYS_SEARCH_USER_PATHS = NO;
				CLANG_ANALYZER_NONNULL = YES;
				CLANG_ANALYZER_NUMBER_OBJECT_CONVERSION = YES_AGGRESSIVE;
				CLANG_CXX_LANGUAGE_STANDARD = "gnu++17";
				CLANG_ENABLE_MODULES = YES;
				CLANG_ENABLE_OBJC_ARC = YES;
				CLANG_ENABLE_OBJC_WEAK = YES;
				CLANG_WARN_BLOCK_CAPTURE_AUTORELEASING = YES;
				CLANG_WARN_BOOL_CONVERSION = YES;
				CLANG_WARN_COMMA = YES;
				CLANG_WARN_CONSTANT_CONVERSION = YES;
				CLANG_WARN_DEPRECATED_OBJC_IMPLEMENTATIONS = YES;
				CLANG_WARN_DIRECT_OBJC_ISA_USAGE = YES_ERROR;
				CLANG_WARN_DOCUMENTATION_COMMENTS = YES;
				CLANG_WARN_EMPTY_BODY = YES;
				CLANG_WARN_ENUM_CONVERSION = YES;
				CLANG_WARN_INFINITE_RECURSION = YES;
				CLANG_WARN_INT_CONVERSION = YES;
				CLANG_WARN_NON_LITERAL_NULL_CONVERSION = YES;
				CLANG_WARN_OBJC_IMPLICIT_RETAIN_SELF = YES;
				CLANG_WARN_OBJC_LITERAL_CONVERSION = YES;
				CLANG_WARN_OBJC_ROOT_CLASS = YES_ERROR;
				CLANG_WARN_QUOTED_INCLUDE_IN_FRAMEWORK_HEADER = YES;
				CLANG_WARN_RANGE_LOOP_ANALYSIS = YES;
				CLANG_WARN_STRICT_PROTOTYPES = YES;
				CLANG_WARN_SUSPICIOUS_MOVE = YES;
				CLANG_WARN_UNGUARDED_AVAILABILITY = YES_AGGRESSIVE;
				CLANG_WARN_UNREACHABLE_CODE = YES;
				CLANG_WARN__DUPLICATE_METHOD_MATCH = YES;
				COPY_PHASE_STRIP = NO;
				DEBUG_INFORMATION_FORMAT = dwarf;
				ENABLE_STRICT_OBJC_MSGSEND = YES;
				ENABLE_TESTABILITY = YES;
				GCC_C_LANGUAGE_STANDARD = gnu11;
				GCC_DYNAMIC_NO_PIC = NO;
				GCC_NO_COMMON_BLOCKS = YES;
				GCC_OPTIMIZATION_LEVEL = 0;
				GCC_PREPROCESSOR_DEFINITIONS = (
					"DEBUG=1",
					"$(inherited)",
				);
				GCC_WARN_64_TO_32_BIT_CONVERSION = YES;
				GCC_WARN_ABOUT_RETURN_TYPE = YES_ERROR;
				GCC_WARN_UNDECLARED_SELECTOR = YES;
				GCC_WARN_UNINITIALIZED_AUTOS = YES_AGGRESSIVE;
				GCC_WARN_UNUSED_FUNCTION = YES;
				GCC_WARN_UNUSED_VARIABLE = YES;
				IPHONEOS_DEPLOYMENT_TARGET = 15.5;
				MTL_ENABLE_DEBUG_INFO = INCLUDE_SOURCE;
				MTL_FAST_MATH = YES;
				ONLY_ACTIVE_ARCH = YES;
				SDKROOT = iphoneos;
				SWIFT_ACTIVE_COMPILATION_CONDITIONS = DEBUG;
				SWIFT_OPTIMIZATION_LEVEL = "-Onone";
			};
			name = Debug;
		};
		8FA4B98D28D0622D00486C2A /* Release */ = {
			isa = XCBuildConfiguration;
			buildSettings = {
				ALWAYS_SEARCH_USER_PATHS = NO;
				CLANG_ANALYZER_NONNULL = YES;
				CLANG_ANALYZER_NUMBER_OBJECT_CONVERSION = YES_AGGRESSIVE;
				CLANG_CXX_LANGUAGE_STANDARD = "gnu++17";
				CLANG_ENABLE_MODULES = YES;
				CLANG_ENABLE_OBJC_ARC = YES;
				CLANG_ENABLE_OBJC_WEAK = YES;
				CLANG_WARN_BLOCK_CAPTURE_AUTORELEASING = YES;
				CLANG_WARN_BOOL_CONVERSION = YES;
				CLANG_WARN_COMMA = YES;
				CLANG_WARN_CONSTANT_CONVERSION = YES;
				CLANG_WARN_DEPRECATED_OBJC_IMPLEMENTATIONS = YES;
				CLANG_WARN_DIRECT_OBJC_ISA_USAGE = YES_ERROR;
				CLANG_WARN_DOCUMENTATION_COMMENTS = YES;
				CLANG_WARN_EMPTY_BODY = YES;
				CLANG_WARN_ENUM_CONVERSION = YES;
				CLANG_WARN_INFINITE_RECURSION = YES;
				CLANG_WARN_INT_CONVERSION = YES;
				CLANG_WARN_NON_LITERAL_NULL_CONVERSION = YES;
				CLANG_WARN_OBJC_IMPLICIT_RETAIN_SELF = YES;
				CLANG_WARN_OBJC_LITERAL_CONVERSION = YES;
				CLANG_WARN_OBJC_ROOT_CLASS = YES_ERROR;
				CLANG_WARN_QUOTED_INCLUDE_IN_FRAMEWORK_HEADER = YES;
				CLANG_WARN_RANGE_LOOP_ANALYSIS = YES;
				CLANG_WARN_STRICT_PROTOTYPES = YES;
				CLANG_WARN_SUSPICIOUS_MOVE = YES;
				CLANG_WARN_UNGUARDED_AVAILABILITY = YES_AGGRESSIVE;
				CLANG_WARN_UNREACHABLE_CODE = YES;
				CLANG_WARN__DUPLICATE_METHOD_MATCH = YES;
				COPY_PHASE_STRIP = NO;
				DEBUG_INFORMATION_FORMAT = "dwarf-with-dsym";
				ENABLE_NS_ASSERTIONS = NO;
				ENABLE_STRICT_OBJC_MSGSEND = YES;
				GCC_C_LANGUAGE_STANDARD = gnu11;
				GCC_NO_COMMON_BLOCKS = YES;
				GCC_WARN_64_TO_32_BIT_CONVERSION = YES;
				GCC_WARN_ABOUT_RETURN_TYPE = YES_ERROR;
				GCC_WARN_UNDECLARED_SELECTOR = YES;
				GCC_WARN_UNINITIALIZED_AUTOS = YES_AGGRESSIVE;
				GCC_WARN_UNUSED_FUNCTION = YES;
				GCC_WARN_UNUSED_VARIABLE = YES;
				IPHONEOS_DEPLOYMENT_TARGET = 15.5;
				MTL_ENABLE_DEBUG_INFO = NO;
				MTL_FAST_MATH = YES;
				SDKROOT = iphoneos;
				SWIFT_COMPILATION_MODE = wholemodule;
				SWIFT_OPTIMIZATION_LEVEL = "-O";
				VALIDATE_PRODUCT = YES;
			};
			name = Release;
		};
		8FA4B98F28D0622D00486C2A /* Debug */ = {
			isa = XCBuildConfiguration;
			baseConfigurationReference = 8C15EC4EBEA99E8274DA960E /* Pods-EMediaExample.debug.xcconfig */;
			buildSettings = {
				ALWAYS_EMBED_SWIFT_STANDARD_LIBRARIES = YES;
				ASSETCATALOG_COMPILER_APPICON_NAME = AppIcon;
				ASSETCATALOG_COMPILER_GLOBAL_ACCENT_COLOR_NAME = AccentColor;
				CODE_SIGN_ENTITLEMENTS = EMediaExample/EMediaExample.entitlements;
				CODE_SIGN_STYLE = Automatic;
				CURRENT_PROJECT_VERSION = 28;
				DEVELOPMENT_TEAM = ZFZ64J27N5;
				ENABLE_BITCODE = NO;
				GENERATE_INFOPLIST_FILE = YES;
				INFOPLIST_FILE = EMediaExample/Info.plist;
				INFOPLIST_KEY_CFBundleDisplayName = "E-Media";
				INFOPLIST_KEY_NSCameraUsageDescription = "Camera access is required for video chat";
				INFOPLIST_KEY_NSMicrophoneUsageDescription = "Microphone access is required for video chat";
				INFOPLIST_KEY_UIApplicationSupportsIndirectInputEvents = YES;
				INFOPLIST_KEY_UILaunchStoryboardName = LaunchScreen;
				INFOPLIST_KEY_UIMainStoryboardFile = Main;
				INFOPLIST_KEY_UISupportedInterfaceOrientations_iPad = "UIInterfaceOrientationPortrait UIInterfaceOrientationPortraitUpsideDown UIInterfaceOrientationLandscapeLeft UIInterfaceOrientationLandscapeRight";
				INFOPLIST_KEY_UISupportedInterfaceOrientations_iPhone = "UIInterfaceOrientationPortrait UIInterfaceOrientationLandscapeLeft UIInterfaceOrientationLandscapeRight";
				IPHONEOS_DEPLOYMENT_TARGET = 11.0;
				LD_RUNPATH_SEARCH_PATHS = (
					"$(inherited)",
					"@executable_path/Frameworks",
				);
				MARKETING_VERSION = 0.3;
				PRODUCT_BUNDLE_IDENTIFIER = co.lehuy.webrtc;
				PRODUCT_NAME = "$(TARGET_NAME)";
				SWIFT_EMIT_LOC_STRINGS = YES;
				SWIFT_VERSION = 5.0;
				TARGETED_DEVICE_FAMILY = "1,2";
			};
			name = Debug;
		};
		8FA4B99028D0622D00486C2A /* Release */ = {
			isa = XCBuildConfiguration;
			baseConfigurationReference = AC6D641D51839A8EDB5F8BF3 /* Pods-EMediaExample.release.xcconfig */;
			buildSettings = {
				ALWAYS_EMBED_SWIFT_STANDARD_LIBRARIES = YES;
				ASSETCATALOG_COMPILER_APPICON_NAME = AppIcon;
				ASSETCATALOG_COMPILER_GLOBAL_ACCENT_COLOR_NAME = AccentColor;
				CODE_SIGN_ENTITLEMENTS = EMediaExample/EMediaExample.entitlements;
				CODE_SIGN_STYLE = Automatic;
				CURRENT_PROJECT_VERSION = 28;
				DEVELOPMENT_TEAM = ZFZ64J27N5;
				ENABLE_BITCODE = NO;
				GENERATE_INFOPLIST_FILE = YES;
				INFOPLIST_FILE = EMediaExample/Info.plist;
				INFOPLIST_KEY_CFBundleDisplayName = "E-Media";
				INFOPLIST_KEY_NSCameraUsageDescription = "Camera access is required for video chat";
				INFOPLIST_KEY_NSMicrophoneUsageDescription = "Microphone access is required for video chat";
				INFOPLIST_KEY_UIApplicationSupportsIndirectInputEvents = YES;
				INFOPLIST_KEY_UILaunchStoryboardName = LaunchScreen;
				INFOPLIST_KEY_UIMainStoryboardFile = Main;
				INFOPLIST_KEY_UISupportedInterfaceOrientations_iPad = "UIInterfaceOrientationPortrait UIInterfaceOrientationPortraitUpsideDown UIInterfaceOrientationLandscapeLeft UIInterfaceOrientationLandscapeRight";
				INFOPLIST_KEY_UISupportedInterfaceOrientations_iPhone = "UIInterfaceOrientationPortrait UIInterfaceOrientationLandscapeLeft UIInterfaceOrientationLandscapeRight";
				IPHONEOS_DEPLOYMENT_TARGET = 11.0;
				LD_RUNPATH_SEARCH_PATHS = (
					"$(inherited)",
					"@executable_path/Frameworks",
				);
				MARKETING_VERSION = 0.3;
				PRODUCT_BUNDLE_IDENTIFIER = co.lehuy.webrtc;
				PRODUCT_NAME = "$(TARGET_NAME)";
				SWIFT_EMIT_LOC_STRINGS = YES;
				SWIFT_VERSION = 5.0;
				TARGETED_DEVICE_FAMILY = "1,2";
			};
			name = Release;
		};
/* End XCBuildConfiguration section */

/* Begin XCConfigurationList section */
		8F2D97F228D06BF700AB51C0 /* Build configuration list for PBXNativeTarget "ShareScreen" */ = {
			isa = XCConfigurationList;
			buildConfigurations = (
				8F2D97F328D06BF700AB51C0 /* Debug */,
				8F2D97F428D06BF700AB51C0 /* Release */,
			);
			defaultConfigurationIsVisible = 0;
			defaultConfigurationName = Release;
		};
		8FA4B97528D0622A00486C2A /* Build configuration list for PBXProject "EMediaExample" */ = {
			isa = XCConfigurationList;
			buildConfigurations = (
				8FA4B98C28D0622D00486C2A /* Debug */,
				8FA4B98D28D0622D00486C2A /* Release */,
			);
			defaultConfigurationIsVisible = 0;
			defaultConfigurationName = Release;
		};
		8FA4B98E28D0622D00486C2A /* Build configuration list for PBXNativeTarget "EMediaExample" */ = {
			isa = XCConfigurationList;
			buildConfigurations = (
				8FA4B98F28D0622D00486C2A /* Debug */,
				8FA4B99028D0622D00486C2A /* Release */,
			);
			defaultConfigurationIsVisible = 0;
			defaultConfigurationName = Release;
		};
/* End XCConfigurationList section */
	};
	rootObject = 8FA4B97228D0622A00486C2A /* Project object */;
}
